<Solution>
  <Folder Name="/src/">
    <Project Path="src/Gdc.Api/Gdc.Api.csproj" />
    <Project Path="src/Gdc.Infrastructure/Gdc.Infrastructure.csproj" />
    <Project Path="src/Gdc.Modules.Dgc/Gdc.Modules.Dgc.csproj" />
    <Project Path="src/Gdc.Modules.Notif/Gdc.Modules.Notif.csproj" />
  </Folder>
  <Folder Name="/tests/">
    <Project Path="tests/Gdc.Api.Tests/Gdc.Api.Tests.csproj" />
    <Project Path="tests/Gdc.Infrastructure.Tests/Gdc.Infrastructure.Tests.csproj" />
  </Folder>
</Solution>
